// !$*UTF8*$!
{
	archiveVersion = 1;
	classes = {
	};
	objectVersion = 46;
	objects = {
/* Begin PBXBuildFile section */
		0207DA581B56EA530066E2B4 /* Images.xcassets in Resources */ = {isa = PBXBuildFile; fileRef = 0207DA571B56EA530066E2B4 /* Images.xcassets */; };
		1D3623260D0F684500981E51 /* AppDelegate.m in Sources */ = {isa = PBXBuildFile; fileRef = 1D3623250D0F684500981E51 /* AppDelegate.m */; };
		1D60589B0D05DD56006BFB54 /* main.m in Sources */ = {isa = PBXBuildFile; fileRef = 29B97316FDCFA39411CA2CEA /* main.m */; };
		301BF552109A68D80062928A /* libCordova.a in Frameworks */ = {isa = PBXBuildFile; fileRef = 301BF535109A57CC0062928A /* libCordova.a */; };
		302D95F114D2391D003F00A1 /* MainViewController.m in Sources */ = {isa = PBXBuildFile; fileRef = 302D95EF14D2391D003F00A1 /* MainViewController.m */; };
		302D95F214D2391D003F00A1 /* MainViewController.xib in Resources */ = {isa = PBXBuildFile; fileRef = 302D95F014D2391D003F00A1 /* MainViewController.xib */; };
		3047A5121AB8059700498E2A /* build-debug.xcconfig in Resources */ = {isa = PBXBuildFile; fileRef = 3047A50F1AB8059700498E2A /* build-debug.xcconfig */; };
		3047A5131AB8059700498E2A /* build-release.xcconfig in Resources */ = {isa = PBXBuildFile; fileRef = 3047A5101AB8059700498E2A /* build-release.xcconfig */; };
		3047A5141AB8059700498E2A /* build.xcconfig in Resources */ = {isa = PBXBuildFile; fileRef = 3047A5111AB8059700498E2A /* build.xcconfig */; };
		B8B780B5D61C44ABB40A8BE5 /* CDVDevice.m in Sources */ = {isa = PBXBuildFile; fileRef = 26DE1660D2F342039A10B421 /* CDVDevice.m */; };
		306D312481FB4162BD71AB85 /* CDVNotification.m in Sources */ = {isa = PBXBuildFile; fileRef = 2F8D72620D2A4007B07D2AD8 /* CDVNotification.m */; };
		4D61A219BE8246F5BACF3197 /* CDVNotification.bundle in Resources */ = {isa = PBXBuildFile; fileRef = C93793251CED4E61B3814207 /* CDVNotification.bundle */; };
		50B8DBD147014CEBBA4F5759 /* AudioToolbox.framework in Frameworks */ = {isa = PBXBuildFile; fileRef = C998450C67DE4C03B61D82F1 /* AudioToolbox.framework */; settings = {ATTRIBUTES = (Weak, ); }; };
		FA37D9A2001A43EC96D5B6F4 /* CDVConnection.m in Sources */ = {isa = PBXBuildFile; fileRef = B61FA09EECA94324B2BD0A63 /* CDVConnection.m */; };
		6FBCD32C07DD4B2F80433540 /* CDVReachability.m in Sources */ = {isa = PBXBuildFile; fileRef = 8C7F081CE9E34BFABBF7DDEE /* CDVReachability.m */; };
		37C0DE943084453B86699F83 /* SystemConfiguration.framework in Frameworks */ = {isa = PBXBuildFile; fileRef = C08B2F853351412D8E9CF7BF /* SystemConfiguration.framework */; settings = {ATTRIBUTES = (Weak, ); }; };
		8B78171E5DB84989AAD7AA06 /* CoreTelephony.framework in Frameworks */ = {isa = PBXBuildFile; fileRef = 653FE0EBD120473BA473BA4B /* CoreTelephony.framework */; };
		042DC0E86AE9462091E4EDDD /* CDVSplashScreen.m in Sources */ = {isa = PBXBuildFile; fileRef = 81CF0AF2E981423C9440AEF5 /* CDVSplashScreen.m */; };
		175C0EF44B744B7C9F681C88 /* CDVViewController+SplashScreen.m in Sources */ = {isa = PBXBuildFile; fileRef = 03802800743A45D7AB230F74 /* CDVViewController+SplashScreen.m */; };
		845C24C0520A4CA5907A8378 /* APPHiddenStatusbarOverlay.m in Sources */ = {isa = PBXBuildFile; fileRef = 9A245FE5AB2D45CA842D5BB8 /* APPHiddenStatusbarOverlay.m */; };
		5FB64EFB658B4790BE22749C /* AppDelegate+notification.m in Sources */ = {isa = PBXBuildFile; fileRef = 761D6D4EDCE8421C9B6FC222 /* AppDelegate+notification.m */; };
		3CD2A0202B6E4A28BC9D917E /* PushPlugin.m in Sources */ = {isa = PBXBuildFile; fileRef = 6FFB7300BCD2400B943553EB /* PushPlugin.m */; };
		894480EE32E24C8BB0833255 /* libGGLCloudMessaging.a in Frameworks */ = {isa = PBXBuildFile; fileRef = E4FF2C719FBC4C2EA0B5E340 /* libGGLCloudMessaging.a */; };
		FBA9D5A21A554BEAA2507C05 /* libGGLCore.a in Frameworks */ = {isa = PBXBuildFile; fileRef = D8F1237EAE5A457BAA64B805 /* libGGLCore.a */; };
		BB63406CB42D4957A27855A2 /* libGGLInstanceIDLib.a in Frameworks */ = {isa = PBXBuildFile; fileRef = 949165DC5D6B446BBA38C402 /* libGGLInstanceIDLib.a */; };
		A2030E6CF43D4E86ABB29E39 /* libGIP_Reachability.a in Frameworks */ = {isa = PBXBuildFile; fileRef = 2EA59A5FF5F74F419F2E0C55 /* libGIP_Reachability.a */; };
		D61D13684BDF49E2A82224D1 /* libGSDK_Overload.a in Frameworks */ = {isa = PBXBuildFile; fileRef = AB093BF7139F4BB78DC73E0F /* libGSDK_Overload.a */; };
		4B928910665B400EA7C435C9 /* libGTMSessionFetcher_core.a in Frameworks */ = {isa = PBXBuildFile; fileRef = 4FE2AB286AE5415A8722423E /* libGTMSessionFetcher_core.a */; };
		77E25A7080184FA3A2915418 /* libGTMSessionFetcher_full.a in Frameworks */ = {isa = PBXBuildFile; fileRef = C1CA479DE381404B87570719 /* libGTMSessionFetcher_full.a */; };
		03AB1583F94C4CC791302464 /* libGTMStackTrace.a in Frameworks */ = {isa = PBXBuildFile; fileRef = B7089C362CA44819AEBC35E2 /* libGTMStackTrace.a */; };
		647DCF26DA3F4C6286BF278E /* libGTM_AddressBook.a in Frameworks */ = {isa = PBXBuildFile; fileRef = C3EAECFEAF414885A813A774 /* libGTM_AddressBook.a */; };
		D51EB213115C4680815ACB55 /* libGTM_DebugUtils.a in Frameworks */ = {isa = PBXBuildFile; fileRef = F8F68B90031040F380F494F3 /* libGTM_DebugUtils.a */; };
		AD6707389EFA45B5B2775BC0 /* libGTM_GTMURLBuilder.a in Frameworks */ = {isa = PBXBuildFile; fileRef = 29623CA513FF454FB19B6307 /* libGTM_GTMURLBuilder.a */; };
		2A64A1F7F17048C09F7AC5F7 /* libGTM_KVO.a in Frameworks */ = {isa = PBXBuildFile; fileRef = C4710597CC27491D807CEDF7 /* libGTM_KVO.a */; };
		D992C8617B9B47FEA57C2158 /* libGTM_NSData+zlib.a in Frameworks */ = {isa = PBXBuildFile; fileRef = F11777CF1D6F46BAB1BCBC4E /* libGTM_NSData+zlib.a */; };
		CDD1CA48AEF341C2AEB5420C /* libGTM_NSDictionary+URLArguments.a in Frameworks */ = {isa = PBXBuildFile; fileRef = 91A3611A08B54C888B501C15 /* libGTM_NSDictionary+URLArguments.a */; };
		999A57E8112B4DB39A2FB9E9 /* libGTM_NSScannerJSON.a in Frameworks */ = {isa = PBXBuildFile; fileRef = 6DD1F16ED8A44B709C827588 /* libGTM_NSScannerJSON.a */; };
		9B3B8F0956C74BA58D5C1735 /* libGTM_NSStringHTML.a in Frameworks */ = {isa = PBXBuildFile; fileRef = 305184734D41445897847581 /* libGTM_NSStringHTML.a */; };
		89BA1BF34BF04B84A692BC2F /* libGTM_NSStringXML.a in Frameworks */ = {isa = PBXBuildFile; fileRef = 6ECECB76014C449AB999376D /* libGTM_NSStringXML.a */; };
		6C55DD4E69C24255B2DC4436 /* libGTM_Regex.a in Frameworks */ = {isa = PBXBuildFile; fileRef = B5BE98C8280D4F3387A8CB25 /* libGTM_Regex.a */; };
		11237DB7F1C843AC9448589D /* libGTM_RoundedRectPath.a in Frameworks */ = {isa = PBXBuildFile; fileRef = 93BAE00770C74DD0BA62245D /* libGTM_RoundedRectPath.a */; };
		ADFB340497CA4D75B2AF9E23 /* libGTM_StringEncoding.a in Frameworks */ = {isa = PBXBuildFile; fileRef = EC5B737C5DCC475B880537EF /* libGTM_StringEncoding.a */; };
		CEFE92466A6B409ABA25CEE5 /* libGTM_SystemVersion.a in Frameworks */ = {isa = PBXBuildFile; fileRef = 67BB958B88C346E8A9F63C22 /* libGTM_SystemVersion.a */; };
		A58F674176F3458E8B0FFC17 /* libGTM_UIFont+LineHeight.a in Frameworks */ = {isa = PBXBuildFile; fileRef = 617106E490AE400CBD8CEB9A /* libGTM_UIFont+LineHeight.a */; };
		762801BFEC384954B3EA9FD5 /* libGTM_core.a in Frameworks */ = {isa = PBXBuildFile; fileRef = 80306058DF5A438B9E6A6A8E /* libGTM_core.a */; };
		DED1A93928114D8A91F6C729 /* libGTM_iPhone.a in Frameworks */ = {isa = PBXBuildFile; fileRef = B3BCDE3790374B62BB63AA4E /* libGTM_iPhone.a */; };
		5C11D52D33A4459A8948ABEF /* libGcmLib.a in Frameworks */ = {isa = PBXBuildFile; fileRef = 599014D45B464139880FD903 /* libGcmLib.a */; };
		CC91277490034A2980486E7E /* libProtocolBuffers.a in Frameworks */ = {isa = PBXBuildFile; fileRef = E22EC6DF1B89406F83DF5508 /* libProtocolBuffers.a */; };
		64353D57319345D0867CF8C6 /* AddressBook.framework in Frameworks */ = {isa = PBXBuildFile; fileRef = 53B67720644748DCAD7A4159 /* AddressBook.framework */; };
		8C9A1B0803964B6387D2F655 /* libsqlite3.tbd in Resources */ = {isa = PBXBuildFile; fileRef = 50B75BC82A9A4863B8C46634 /* libsqlite3.tbd */; };
		DDE794B55EFA4C8883B0063D /* libz.tbd in Resources */ = {isa = PBXBuildFile; fileRef = 3BBDEF75750B4791916BC937 /* libz.tbd */; };
/* End PBXBuildFile section */

/* Begin PBXContainerItemProxy section */
		301BF534109A57CC0062928A /* PBXContainerItemProxy */ = {
			isa = PBXContainerItemProxy;
			containerPortal = 301BF52D109A57CC0062928A /* CordovaLib.xcodeproj */;
			proxyType = 2;
			remoteGlobalIDString = D2AAC07E0554694100DB518D;
			remoteInfo = CordovaLib;
		};
		301BF550109A68C00062928A /* PBXContainerItemProxy */ = {
			isa = PBXContainerItemProxy;
			containerPortal = 301BF52D109A57CC0062928A /* CordovaLib.xcodeproj */;
			proxyType = 1;
			remoteGlobalIDString = D2AAC07D0554694100DB518D;
			remoteInfo = CordovaLib;
		};
/* End PBXContainerItemProxy section */

/* Begin PBXFileReference section */
		0207DA571B56EA530066E2B4 /* Images.xcassets */ = {isa = PBXFileReference; lastKnownFileType = folder.assetcatalog; name = Images.xcassets; path = "Mewah Group/Images.xcassets"; sourceTree = SOURCE_ROOT; };
		1D3623240D0F684500981E51 /* AppDelegate.h */ = {isa = PBXFileReference; fileEncoding = 4; lastKnownFileType = sourcecode.c.h; path = AppDelegate.h; sourceTree = "<group>"; };
		1D3623250D0F684500981E51 /* AppDelegate.m */ = {isa = PBXFileReference; fileEncoding = 4; lastKnownFileType = sourcecode.c.objc; path = AppDelegate.m; sourceTree = "<group>"; };
		1D6058910D05DD3D006BFB54 /* Mewah Group.app */ = {isa = PBXFileReference; explicitFileType = wrapper.application; includeInIndex = 0; path = "Mewah Group.app"; sourceTree = BUILT_PRODUCTS_DIR; };
		29B97316FDCFA39411CA2CEA /* main.m */ = {isa = PBXFileReference; fileEncoding = 4; lastKnownFileType = sourcecode.c.objc; path = main.m; sourceTree = "<group>"; };
		301BF52D109A57CC0062928A /* CordovaLib.xcodeproj */ = {isa = PBXFileReference; lastKnownFileType = "wrapper.pb-project"; name = CordovaLib.xcodeproj; path = CordovaLib/CordovaLib.xcodeproj; sourceTree = "<group>"; };
		301BF56E109A69640062928A /* www */ = {isa = PBXFileReference; lastKnownFileType = folder; path = www; sourceTree = SOURCE_ROOT; };
		302D95EE14D2391D003F00A1 /* MainViewController.h */ = {isa = PBXFileReference; fileEncoding = 4; lastKnownFileType = sourcecode.c.h; path = MainViewController.h; sourceTree = "<group>"; };
		302D95EF14D2391D003F00A1 /* MainViewController.m */ = {isa = PBXFileReference; fileEncoding = 4; lastKnownFileType = sourcecode.c.objc; path = MainViewController.m; sourceTree = "<group>"; };
		302D95F014D2391D003F00A1 /* MainViewController.xib */ = {isa = PBXFileReference; fileEncoding = 4; lastKnownFileType = file.xib; path = MainViewController.xib; sourceTree = "<group>"; };
		3047A50F1AB8059700498E2A /* build-debug.xcconfig */ = {isa = PBXFileReference; fileEncoding = 4; lastKnownFileType = text.xcconfig; name = "build-debug.xcconfig"; path = cordova/build-debug.xcconfig; sourceTree = SOURCE_ROOT; };
		3047A5101AB8059700498E2A /* build-release.xcconfig */ = {isa = PBXFileReference; fileEncoding = 4; lastKnownFileType = text.xcconfig; name = "build-release.xcconfig"; path = cordova/build-release.xcconfig; sourceTree = SOURCE_ROOT; };
		3047A5111AB8059700498E2A /* build.xcconfig */ = {isa = PBXFileReference; fileEncoding = 4; lastKnownFileType = text.xcconfig; name = build.xcconfig; path = cordova/build.xcconfig; sourceTree = SOURCE_ROOT; };
		32CA4F630368D1EE00C91783 /* Mewah Group-Prefix.pch */ = {isa = PBXFileReference; fileEncoding = 4; lastKnownFileType = sourcecode.c.h; path = "Mewah Group-Prefix.pch"; sourceTree = "<group>"; };
		8D1107310486CEB800E47090 /* Mewah Group-Info.plist */ = {isa = PBXFileReference; fileEncoding = 4; lastKnownFileType = text.plist.xml; name = "Mewah Group-Info.plist"; path = "Mewah Group/Mewah Group-Info.plist"; plistStructureDefinitionIdentifier = "com.apple.xcode.plist.structure-definition.iphone.info-plist"; sourceTree = SOURCE_ROOT; };
		EB87FDF31871DA8E0020F90C /* www */ = {isa = PBXFileReference; lastKnownFileType = folder; name = www; path = ../../www; sourceTree = "<group>"; };
		EB87FDF41871DAF40020F90C /* config.xml */ = {isa = PBXFileReference; lastKnownFileType = text.xml; name = config.xml; path = ../../config.xml; sourceTree = "<group>"; };
		F840E1F0165FE0F500CFE078 /* config.xml */ = {isa = PBXFileReference; lastKnownFileType = text.xml; name = config.xml; path = "Mewah Group/config.xml"; sourceTree = "<group>"; };
		ED33DF2A687741AEAF9F8254 /* Bridging-Header.h */ = {isa = PBXFileReference; fileEncoding = 4; lastKnownFileType = sourcecode.c.h; name = "Bridging-Header.h"; path = "Bridging-Header.h"; sourceTree = "<group>"; };
		26DE1660D2F342039A10B421 /* CDVDevice.m */ = {isa = PBXFileReference; name = "CDVDevice.m"; path = "cordova-plugin-device/CDVDevice.m"; sourceTree = "<group>"; fileEncoding = 4; lastKnownFileType = sourcecode.c.objc; explicitFileType = undefined; includeInIndex = 0; };
		C9CC8496E8CF485896BBA7DE /* CDVDevice.h */ = {isa = PBXFileReference; name = "CDVDevice.h"; path = "cordova-plugin-device/CDVDevice.h"; sourceTree = "<group>"; fileEncoding = 4; lastKnownFileType = sourcecode.c.h; explicitFileType = undefined; includeInIndex = 0; };
		2F8D72620D2A4007B07D2AD8 /* CDVNotification.m */ = {isa = PBXFileReference; name = "CDVNotification.m"; path = "cordova-plugin-dialogs/CDVNotification.m"; sourceTree = "<group>"; fileEncoding = 4; lastKnownFileType = sourcecode.c.objc; explicitFileType = undefined; includeInIndex = 0; };
		15D2C34AB5184695AB1F7765 /* CDVNotification.h */ = {isa = PBXFileReference; name = "CDVNotification.h"; path = "cordova-plugin-dialogs/CDVNotification.h"; sourceTree = "<group>"; fileEncoding = 4; lastKnownFileType = sourcecode.c.h; explicitFileType = undefined; includeInIndex = 0; };
		C93793251CED4E61B3814207 /* CDVNotification.bundle */ = {isa = PBXFileReference; name = "CDVNotification.bundle"; path = "CDVNotification.bundle"; sourceTree = "<group>"; fileEncoding = undefined; lastKnownFileType = wrapper.plug-in; explicitFileType = undefined; includeInIndex = 0; };
		C998450C67DE4C03B61D82F1 /* AudioToolbox.framework */ = {isa = PBXFileReference; name = "AudioToolbox.framework"; path = "System/Library/Frameworks/AudioToolbox.framework"; sourceTree = SDKROOT; fileEncoding = undefined; lastKnownFileType = wrapper.framework; explicitFileType = undefined; includeInIndex = 0; };
		B61FA09EECA94324B2BD0A63 /* CDVConnection.m */ = {isa = PBXFileReference; name = "CDVConnection.m"; path = "cordova-plugin-network-information/CDVConnection.m"; sourceTree = "<group>"; fileEncoding = 4; lastKnownFileType = sourcecode.c.objc; explicitFileType = undefined; includeInIndex = 0; };
		8C7F081CE9E34BFABBF7DDEE /* CDVReachability.m */ = {isa = PBXFileReference; name = "CDVReachability.m"; path = "cordova-plugin-network-information/CDVReachability.m"; sourceTree = "<group>"; fileEncoding = 4; lastKnownFileType = sourcecode.c.objc; explicitFileType = undefined; includeInIndex = 0; };
		FB782310B4B44ED0B5F82A1F /* CDVConnection.h */ = {isa = PBXFileReference; name = "CDVConnection.h"; path = "cordova-plugin-network-information/CDVConnection.h"; sourceTree = "<group>"; fileEncoding = 4; lastKnownFileType = sourcecode.c.h; explicitFileType = undefined; includeInIndex = 0; };
		31AF71309C9C43178C47627F /* CDVReachability.h */ = {isa = PBXFileReference; name = "CDVReachability.h"; path = "cordova-plugin-network-information/CDVReachability.h"; sourceTree = "<group>"; fileEncoding = 4; lastKnownFileType = sourcecode.c.h; explicitFileType = undefined; includeInIndex = 0; };
		C08B2F853351412D8E9CF7BF /* SystemConfiguration.framework */ = {isa = PBXFileReference; name = "SystemConfiguration.framework"; path = "System/Library/Frameworks/SystemConfiguration.framework"; sourceTree = SDKROOT; fileEncoding = undefined; lastKnownFileType = wrapper.framework; explicitFileType = undefined; includeInIndex = 0; };
		653FE0EBD120473BA473BA4B /* CoreTelephony.framework */ = {isa = PBXFileReference; name = "CoreTelephony.framework"; path = "System/Library/Frameworks/CoreTelephony.framework"; sourceTree = SDKROOT; fileEncoding = undefined; lastKnownFileType = wrapper.framework; explicitFileType = undefined; includeInIndex = 0; };
		81CF0AF2E981423C9440AEF5 /* CDVSplashScreen.m */ = {isa = PBXFileReference; name = "CDVSplashScreen.m"; path = "cordova-plugin-splashscreen/CDVSplashScreen.m"; sourceTree = "<group>"; fileEncoding = 4; lastKnownFileType = sourcecode.c.objc; explicitFileType = undefined; includeInIndex = 0; };
		03802800743A45D7AB230F74 /* CDVViewController+SplashScreen.m */ = {isa = PBXFileReference; name = "CDVViewController+SplashScreen.m"; path = "cordova-plugin-splashscreen/CDVViewController+SplashScreen.m"; sourceTree = "<group>"; fileEncoding = 4; lastKnownFileType = sourcecode.c.objc; explicitFileType = undefined; includeInIndex = 0; };
		983C753BF2E5486FA4DD8927 /* CDVSplashScreen.h */ = {isa = PBXFileReference; name = "CDVSplashScreen.h"; path = "cordova-plugin-splashscreen/CDVSplashScreen.h"; sourceTree = "<group>"; fileEncoding = 4; lastKnownFileType = sourcecode.c.h; explicitFileType = undefined; includeInIndex = 0; };
		8C1CDAFC6DB540E3877E2407 /* CDVViewController+SplashScreen.h */ = {isa = PBXFileReference; name = "CDVViewController+SplashScreen.h"; path = "cordova-plugin-splashscreen/CDVViewController+SplashScreen.h"; sourceTree = "<group>"; fileEncoding = 4; lastKnownFileType = sourcecode.c.h; explicitFileType = undefined; includeInIndex = 0; };
		9A245FE5AB2D45CA842D5BB8 /* APPHiddenStatusbarOverlay.m */ = {isa = PBXFileReference; name = "APPHiddenStatusbarOverlay.m"; path = "de.appplant.cordova.plugin.hidden-statusbar-overlay/APPHiddenStatusbarOverlay.m"; sourceTree = "<group>"; fileEncoding = 4; lastKnownFileType = sourcecode.c.objc; explicitFileType = undefined; includeInIndex = 0; };
		5A39950416CD48118814E05E /* APPHiddenStatusbarOverlay.h */ = {isa = PBXFileReference; name = "APPHiddenStatusbarOverlay.h"; path = "de.appplant.cordova.plugin.hidden-statusbar-overlay/APPHiddenStatusbarOverlay.h"; sourceTree = "<group>"; fileEncoding = 4; lastKnownFileType = sourcecode.c.h; explicitFileType = undefined; includeInIndex = 0; };
		761D6D4EDCE8421C9B6FC222 /* AppDelegate+notification.m */ = {isa = PBXFileReference; name = "AppDelegate+notification.m"; path = "phonegap-plugin-push/AppDelegate+notification.m"; sourceTree = "<group>"; fileEncoding = 4; lastKnownFileType = sourcecode.c.objc; explicitFileType = undefined; includeInIndex = 0; };
		6FFB7300BCD2400B943553EB /* PushPlugin.m */ = {isa = PBXFileReference; name = "PushPlugin.m"; path = "phonegap-plugin-push/PushPlugin.m"; sourceTree = "<group>"; fileEncoding = 4; lastKnownFileType = sourcecode.c.objc; explicitFileType = undefined; includeInIndex = 0; };
		E4FF2C719FBC4C2EA0B5E340 /* libGGLCloudMessaging.a */ = {isa = PBXFileReference; name = "libGGLCloudMessaging.a"; path = "Mewah Group/Plugins/phonegap-plugin-push/GCM/Libraries/libGGLCloudMessaging.a"; sourceTree = "<group>"; fileEncoding = undefined; lastKnownFileType = archive.ar; explicitFileType = undefined; includeInIndex = 0; };
		D8F1237EAE5A457BAA64B805 /* libGGLCore.a */ = {isa = PBXFileReference; name = "libGGLCore.a"; path = "Mewah Group/Plugins/phonegap-plugin-push/GCM/Libraries/libGGLCore.a"; sourceTree = "<group>"; fileEncoding = undefined; lastKnownFileType = archive.ar; explicitFileType = undefined; includeInIndex = 0; };
		949165DC5D6B446BBA38C402 /* libGGLInstanceIDLib.a */ = {isa = PBXFileReference; name = "libGGLInstanceIDLib.a"; path = "Mewah Group/Plugins/phonegap-plugin-push/GCM/Libraries/libGGLInstanceIDLib.a"; sourceTree = "<group>"; fileEncoding = undefined; lastKnownFileType = archive.ar; explicitFileType = undefined; includeInIndex = 0; };
		2EA59A5FF5F74F419F2E0C55 /* libGIP_Reachability.a */ = {isa = PBXFileReference; name = "libGIP_Reachability.a"; path = "Mewah Group/Plugins/phonegap-plugin-push/GCM/Libraries/libGIP_Reachability.a"; sourceTree = "<group>"; fileEncoding = undefined; lastKnownFileType = archive.ar; explicitFileType = undefined; includeInIndex = 0; };
		AB093BF7139F4BB78DC73E0F /* libGSDK_Overload.a */ = {isa = PBXFileReference; name = "libGSDK_Overload.a"; path = "Mewah Group/Plugins/phonegap-plugin-push/GCM/Libraries/libGSDK_Overload.a"; sourceTree = "<group>"; fileEncoding = undefined; lastKnownFileType = archive.ar; explicitFileType = undefined; includeInIndex = 0; };
		4FE2AB286AE5415A8722423E /* libGTMSessionFetcher_core.a */ = {isa = PBXFileReference; name = "libGTMSessionFetcher_core.a"; path = "Mewah Group/Plugins/phonegap-plugin-push/GCM/Libraries/libGTMSessionFetcher_core.a"; sourceTree = "<group>"; fileEncoding = undefined; lastKnownFileType = archive.ar; explicitFileType = undefined; includeInIndex = 0; };
		C1CA479DE381404B87570719 /* libGTMSessionFetcher_full.a */ = {isa = PBXFileReference; name = "libGTMSessionFetcher_full.a"; path = "Mewah Group/Plugins/phonegap-plugin-push/GCM/Libraries/libGTMSessionFetcher_full.a"; sourceTree = "<group>"; fileEncoding = undefined; lastKnownFileType = archive.ar; explicitFileType = undefined; includeInIndex = 0; };
		B7089C362CA44819AEBC35E2 /* libGTMStackTrace.a */ = {isa = PBXFileReference; name = "libGTMStackTrace.a"; path = "Mewah Group/Plugins/phonegap-plugin-push/GCM/Libraries/libGTMStackTrace.a"; sourceTree = "<group>"; fileEncoding = undefined; lastKnownFileType = archive.ar; explicitFileType = undefined; includeInIndex = 0; };
		C3EAECFEAF414885A813A774 /* libGTM_AddressBook.a */ = {isa = PBXFileReference; name = "libGTM_AddressBook.a"; path = "Mewah Group/Plugins/phonegap-plugin-push/GCM/Libraries/libGTM_AddressBook.a"; sourceTree = "<group>"; fileEncoding = undefined; lastKnownFileType = archive.ar; explicitFileType = undefined; includeInIndex = 0; };
		F8F68B90031040F380F494F3 /* libGTM_DebugUtils.a */ = {isa = PBXFileReference; name = "libGTM_DebugUtils.a"; path = "Mewah Group/Plugins/phonegap-plugin-push/GCM/Libraries/libGTM_DebugUtils.a"; sourceTree = "<group>"; fileEncoding = undefined; lastKnownFileType = archive.ar; explicitFileType = undefined; includeInIndex = 0; };
		29623CA513FF454FB19B6307 /* libGTM_GTMURLBuilder.a */ = {isa = PBXFileReference; name = "libGTM_GTMURLBuilder.a"; path = "Mewah Group/Plugins/phonegap-plugin-push/GCM/Libraries/libGTM_GTMURLBuilder.a"; sourceTree = "<group>"; fileEncoding = undefined; lastKnownFileType = archive.ar; explicitFileType = undefined; includeInIndex = 0; };
		C4710597CC27491D807CEDF7 /* libGTM_KVO.a */ = {isa = PBXFileReference; name = "libGTM_KVO.a"; path = "Mewah Group/Plugins/phonegap-plugin-push/GCM/Libraries/libGTM_KVO.a"; sourceTree = "<group>"; fileEncoding = undefined; lastKnownFileType = archive.ar; explicitFileType = undefined; includeInIndex = 0; };
		F11777CF1D6F46BAB1BCBC4E /* libGTM_NSData+zlib.a */ = {isa = PBXFileReference; name = "libGTM_NSData+zlib.a"; path = "Mewah Group/Plugins/phonegap-plugin-push/GCM/Libraries/libGTM_NSData+zlib.a"; sourceTree = "<group>"; fileEncoding = undefined; lastKnownFileType = archive.ar; explicitFileType = undefined; includeInIndex = 0; };
		91A3611A08B54C888B501C15 /* libGTM_NSDictionary+URLArguments.a */ = {isa = PBXFileReference; name = "libGTM_NSDictionary+URLArguments.a"; path = "Mewah Group/Plugins/phonegap-plugin-push/GCM/Libraries/libGTM_NSDictionary+URLArguments.a"; sourceTree = "<group>"; fileEncoding = undefined; lastKnownFileType = archive.ar; explicitFileType = undefined; includeInIndex = 0; };
		6DD1F16ED8A44B709C827588 /* libGTM_NSScannerJSON.a */ = {isa = PBXFileReference; name = "libGTM_NSScannerJSON.a"; path = "Mewah Group/Plugins/phonegap-plugin-push/GCM/Libraries/libGTM_NSScannerJSON.a"; sourceTree = "<group>"; fileEncoding = undefined; lastKnownFileType = archive.ar; explicitFileType = undefined; includeInIndex = 0; };
		305184734D41445897847581 /* libGTM_NSStringHTML.a */ = {isa = PBXFileReference; name = "libGTM_NSStringHTML.a"; path = "Mewah Group/Plugins/phonegap-plugin-push/GCM/Libraries/libGTM_NSStringHTML.a"; sourceTree = "<group>"; fileEncoding = undefined; lastKnownFileType = archive.ar; explicitFileType = undefined; includeInIndex = 0; };
		6ECECB76014C449AB999376D /* libGTM_NSStringXML.a */ = {isa = PBXFileReference; name = "libGTM_NSStringXML.a"; path = "Mewah Group/Plugins/phonegap-plugin-push/GCM/Libraries/libGTM_NSStringXML.a"; sourceTree = "<group>"; fileEncoding = undefined; lastKnownFileType = archive.ar; explicitFileType = undefined; includeInIndex = 0; };
		B5BE98C8280D4F3387A8CB25 /* libGTM_Regex.a */ = {isa = PBXFileReference; name = "libGTM_Regex.a"; path = "Mewah Group/Plugins/phonegap-plugin-push/GCM/Libraries/libGTM_Regex.a"; sourceTree = "<group>"; fileEncoding = undefined; lastKnownFileType = archive.ar; explicitFileType = undefined; includeInIndex = 0; };
		93BAE00770C74DD0BA62245D /* libGTM_RoundedRectPath.a */ = {isa = PBXFileReference; name = "libGTM_RoundedRectPath.a"; path = "Mewah Group/Plugins/phonegap-plugin-push/GCM/Libraries/libGTM_RoundedRectPath.a"; sourceTree = "<group>"; fileEncoding = undefined; lastKnownFileType = archive.ar; explicitFileType = undefined; includeInIndex = 0; };
		EC5B737C5DCC475B880537EF /* libGTM_StringEncoding.a */ = {isa = PBXFileReference; name = "libGTM_StringEncoding.a"; path = "Mewah Group/Plugins/phonegap-plugin-push/GCM/Libraries/libGTM_StringEncoding.a"; sourceTree = "<group>"; fileEncoding = undefined; lastKnownFileType = archive.ar; explicitFileType = undefined; includeInIndex = 0; };
		67BB958B88C346E8A9F63C22 /* libGTM_SystemVersion.a */ = {isa = PBXFileReference; name = "libGTM_SystemVersion.a"; path = "Mewah Group/Plugins/phonegap-plugin-push/GCM/Libraries/libGTM_SystemVersion.a"; sourceTree = "<group>"; fileEncoding = undefined; lastKnownFileType = archive.ar; explicitFileType = undefined; includeInIndex = 0; };
		617106E490AE400CBD8CEB9A /* libGTM_UIFont+LineHeight.a */ = {isa = PBXFileReference; name = "libGTM_UIFont+LineHeight.a"; path = "Mewah Group/Plugins/phonegap-plugin-push/GCM/Libraries/libGTM_UIFont+LineHeight.a"; sourceTree = "<group>"; fileEncoding = undefined; lastKnownFileType = archive.ar; explicitFileType = undefined; includeInIndex = 0; };
		80306058DF5A438B9E6A6A8E /* libGTM_core.a */ = {isa = PBXFileReference; name = "libGTM_core.a"; path = "Mewah Group/Plugins/phonegap-plugin-push/GCM/Libraries/libGTM_core.a"; sourceTree = "<group>"; fileEncoding = undefined; lastKnownFileType = archive.ar; explicitFileType = undefined; includeInIndex = 0; };
		B3BCDE3790374B62BB63AA4E /* libGTM_iPhone.a */ = {isa = PBXFileReference; name = "libGTM_iPhone.a"; path = "Mewah Group/Plugins/phonegap-plugin-push/GCM/Libraries/libGTM_iPhone.a"; sourceTree = "<group>"; fileEncoding = undefined; lastKnownFileType = archive.ar; explicitFileType = undefined; includeInIndex = 0; };
		599014D45B464139880FD903 /* libGcmLib.a */ = {isa = PBXFileReference; name = "libGcmLib.a"; path = "Mewah Group/Plugins/phonegap-plugin-push/GCM/Libraries/libGcmLib.a"; sourceTree = "<group>"; fileEncoding = undefined; lastKnownFileType = archive.ar; explicitFileType = undefined; includeInIndex = 0; };
		E22EC6DF1B89406F83DF5508 /* libProtocolBuffers.a */ = {isa = PBXFileReference; name = "libProtocolBuffers.a"; path = "Mewah Group/Plugins/phonegap-plugin-push/GCM/Libraries/libProtocolBuffers.a"; sourceTree = "<group>"; fileEncoding = undefined; lastKnownFileType = archive.ar; explicitFileType = undefined; includeInIndex = 0; };
		D7C96F0A89DC45C79AF45DE7 /* AppDelegate+notification.h */ = {isa = PBXFileReference; name = "AppDelegate+notification.h"; path = "phonegap-plugin-push/AppDelegate+notification.h"; sourceTree = "<group>"; fileEncoding = 4; lastKnownFileType = sourcecode.c.h; explicitFileType = undefined; includeInIndex = 0; };
		C89E4AC350174D56A1405768 /* PushPlugin.h */ = {isa = PBXFileReference; name = "PushPlugin.h"; path = "phonegap-plugin-push/PushPlugin.h"; sourceTree = "<group>"; fileEncoding = 4; lastKnownFileType = sourcecode.c.h; explicitFileType = undefined; includeInIndex = 0; };
		E2C611E25EF14884874865E4 /* GGLInstanceID.h */ = {isa = PBXFileReference; name = "GGLInstanceID.h"; path = "phonegap-plugin-push/GCM/Headers/GGLInstanceID.h"; sourceTree = "<group>"; fileEncoding = 4; lastKnownFileType = sourcecode.c.h; explicitFileType = undefined; includeInIndex = 0; };
		01E9D1B798DC4B85BB2A9B56 /* GGLInstanceIDConfig.h */ = {isa = PBXFileReference; name = "GGLInstanceIDConfig.h"; path = "phonegap-plugin-push/GCM/Headers/GGLInstanceIDConfig.h"; sourceTree = "<group>"; fileEncoding = 4; lastKnownFileType = sourcecode.c.h; explicitFileType = undefined; includeInIndex = 0; };
		24C951D7FBB045CF8B773B0D /* GGLInstanceIDDelegate.h */ = {isa = PBXFileReference; name = "GGLInstanceIDDelegate.h"; path = "phonegap-plugin-push/GCM/Headers/GGLInstanceIDDelegate.h"; sourceTree = "<group>"; fileEncoding = 4; lastKnownFileType = sourcecode.c.h; explicitFileType = undefined; includeInIndex = 0; };
		85F40CB68B664F1BB0BF8D3D /* GGLInstanceIDHeaders.h */ = {isa = PBXFileReference; name = "GGLInstanceIDHeaders.h"; path = "phonegap-plugin-push/GCM/Headers/GGLInstanceIDHeaders.h"; sourceTree = "<group>"; fileEncoding = 4; lastKnownFileType = sourcecode.c.h; explicitFileType = undefined; includeInIndex = 0; };
		B118F4C813AA446DBE15B678 /* CloudMessaging.h */ = {isa = PBXFileReference; name = "CloudMessaging.h"; path = "phonegap-plugin-push/GCM/Headers/CloudMessaging.h"; sourceTree = "<group>"; fileEncoding = 4; lastKnownFileType = sourcecode.c.h; explicitFileType = undefined; includeInIndex = 0; };
		DFF3D231DBC34F4F87D8892A /* GGLContext+CloudMessaging.h */ = {isa = PBXFileReference; name = "GGLContext+CloudMessaging.h"; path = "phonegap-plugin-push/GCM/Headers/GGLContext+CloudMessaging.h"; sourceTree = "<group>"; fileEncoding = 4; lastKnownFileType = sourcecode.c.h; explicitFileType = undefined; includeInIndex = 0; };
		E7EBCA08CC1B474AAC9A19F9 /* Core.h */ = {isa = PBXFileReference; name = "Core.h"; path = "phonegap-plugin-push/GCM/Headers/Core.h"; sourceTree = "<group>"; fileEncoding = 4; lastKnownFileType = sourcecode.c.h; explicitFileType = undefined; includeInIndex = 0; };
		455A7686D4A040859BCE0F56 /* GGLConfiguration.h */ = {isa = PBXFileReference; name = "GGLConfiguration.h"; path = "phonegap-plugin-push/GCM/Headers/GGLConfiguration.h"; sourceTree = "<group>"; fileEncoding = 4; lastKnownFileType = sourcecode.c.h; explicitFileType = undefined; includeInIndex = 0; };
		A14435FE71A14AD2B1F75D9C /* GGLContext.h */ = {isa = PBXFileReference; name = "GGLContext.h"; path = "phonegap-plugin-push/GCM/Headers/GGLContext.h"; sourceTree = "<group>"; fileEncoding = 4; lastKnownFileType = sourcecode.c.h; explicitFileType = undefined; includeInIndex = 0; };
		2CD95B04E31B49D38F2231D5 /* GGLErrorCode.h */ = {isa = PBXFileReference; name = "GGLErrorCode.h"; path = "phonegap-plugin-push/GCM/Headers/GGLErrorCode.h"; sourceTree = "<group>"; fileEncoding = 4; lastKnownFileType = sourcecode.c.h; explicitFileType = undefined; includeInIndex = 0; };
		A6B7DE6414B846649C700CAA /* GCMConfig.h */ = {isa = PBXFileReference; name = "GCMConfig.h"; path = "phonegap-plugin-push/GCM/Headers/GCMConfig.h"; sourceTree = "<group>"; fileEncoding = 4; lastKnownFileType = sourcecode.c.h; explicitFileType = undefined; includeInIndex = 0; };
		EB9903518205425DA2339EFB /* GCMPubSub.h */ = {isa = PBXFileReference; name = "GCMPubSub.h"; path = "phonegap-plugin-push/GCM/Headers/GCMPubSub.h"; sourceTree = "<group>"; fileEncoding = 4; lastKnownFileType = sourcecode.c.h; explicitFileType = undefined; includeInIndex = 0; };
		B97C806B59AA4F979E6F98B0 /* GCMReceiverDelegate.h */ = {isa = PBXFileReference; name = "GCMReceiverDelegate.h"; path = "phonegap-plugin-push/GCM/Headers/GCMReceiverDelegate.h"; sourceTree = "<group>"; fileEncoding = 4; lastKnownFileType = sourcecode.c.h; explicitFileType = undefined; includeInIndex = 0; };
		FA4D62210F964251BA585305 /* GCMService.h */ = {isa = PBXFileReference; name = "GCMService.h"; path = "phonegap-plugin-push/GCM/Headers/GCMService.h"; sourceTree = "<group>"; fileEncoding = 4; lastKnownFileType = sourcecode.c.h; explicitFileType = undefined; includeInIndex = 0; };
		BB4FA7AF87A943D6B858B699 /* GoogleCloudMessaging.h */ = {isa = PBXFileReference; name = "GoogleCloudMessaging.h"; path = "phonegap-plugin-push/GCM/Headers/GoogleCloudMessaging.h"; sourceTree = "<group>"; fileEncoding = 4; lastKnownFileType = sourcecode.c.h; explicitFileType = undefined; includeInIndex = 0; };
		53B67720644748DCAD7A4159 /* AddressBook.framework */ = {isa = PBXFileReference; name = "AddressBook.framework"; path = "System/Library/Frameworks/AddressBook.framework"; sourceTree = SDKROOT; fileEncoding = undefined; lastKnownFileType = wrapper.framework; explicitFileType = undefined; includeInIndex = 0; };
		50B75BC82A9A4863B8C46634 /* libsqlite3.tbd */ = {isa = PBXFileReference; name = "libsqlite3.tbd"; path = "libsqlite3.tbd"; sourceTree = "<group>"; fileEncoding = undefined; lastKnownFileType = unknown; explicitFileType = undefined; includeInIndex = 0; };
		3BBDEF75750B4791916BC937 /* libz.tbd */ = {isa = PBXFileReference; name = "libz.tbd"; path = "libz.tbd"; sourceTree = "<group>"; fileEncoding = undefined; lastKnownFileType = unknown; explicitFileType = undefined; includeInIndex = 0; };
/* End PBXFileReference section */

/* Begin PBXFrameworksBuildPhase section */
		1D60588F0D05DD3D006BFB54 /* Frameworks */ = {
			isa = PBXFrameworksBuildPhase;
			buildActionMask = 2147483647;
			files = (
				301BF552109A68D80062928A /* libCordova.a in Frameworks */,
				50B8DBD147014CEBBA4F5759 /* AudioToolbox.framework in Frameworks */,
				37C0DE943084453B86699F83 /* SystemConfiguration.framework in Frameworks */,
				8B78171E5DB84989AAD7AA06 /* CoreTelephony.framework in Frameworks */,
				894480EE32E24C8BB0833255 /* libGGLCloudMessaging.a in Frameworks */,
				FBA9D5A21A554BEAA2507C05 /* libGGLCore.a in Frameworks */,
				BB63406CB42D4957A27855A2 /* libGGLInstanceIDLib.a in Frameworks */,
				A2030E6CF43D4E86ABB29E39 /* libGIP_Reachability.a in Frameworks */,
				D61D13684BDF49E2A82224D1 /* libGSDK_Overload.a in Frameworks */,
				4B928910665B400EA7C435C9 /* libGTMSessionFetcher_core.a in Frameworks */,
				77E25A7080184FA3A2915418 /* libGTMSessionFetcher_full.a in Frameworks */,
				03AB1583F94C4CC791302464 /* libGTMStackTrace.a in Frameworks */,
				647DCF26DA3F4C6286BF278E /* libGTM_AddressBook.a in Frameworks */,
				D51EB213115C4680815ACB55 /* libGTM_DebugUtils.a in Frameworks */,
				AD6707389EFA45B5B2775BC0 /* libGTM_GTMURLBuilder.a in Frameworks */,
				2A64A1F7F17048C09F7AC5F7 /* libGTM_KVO.a in Frameworks */,
				D992C8617B9B47FEA57C2158 /* libGTM_NSData+zlib.a in Frameworks */,
				CDD1CA48AEF341C2AEB5420C /* libGTM_NSDictionary+URLArguments.a in Frameworks */,
				999A57E8112B4DB39A2FB9E9 /* libGTM_NSScannerJSON.a in Frameworks */,
				9B3B8F0956C74BA58D5C1735 /* libGTM_NSStringHTML.a in Frameworks */,
				89BA1BF34BF04B84A692BC2F /* libGTM_NSStringXML.a in Frameworks */,
				6C55DD4E69C24255B2DC4436 /* libGTM_Regex.a in Frameworks */,
				11237DB7F1C843AC9448589D /* libGTM_RoundedRectPath.a in Frameworks */,
				ADFB340497CA4D75B2AF9E23 /* libGTM_StringEncoding.a in Frameworks */,
				CEFE92466A6B409ABA25CEE5 /* libGTM_SystemVersion.a in Frameworks */,
				A58F674176F3458E8B0FFC17 /* libGTM_UIFont+LineHeight.a in Frameworks */,
				762801BFEC384954B3EA9FD5 /* libGTM_core.a in Frameworks */,
				DED1A93928114D8A91F6C729 /* libGTM_iPhone.a in Frameworks */,
				5C11D52D33A4459A8948ABEF /* libGcmLib.a in Frameworks */,
				CC91277490034A2980486E7E /* libProtocolBuffers.a in Frameworks */,
				64353D57319345D0867CF8C6 /* AddressBook.framework in Frameworks */,
				8C9A1B0803964B6387D2F655 /* libsqlite3.tbd in Resources */,
				DDE794B55EFA4C8883B0063D /* libz.tbd in Resources */,
			);
			runOnlyForDeploymentPostprocessing = 0;
		};
/* End PBXFrameworksBuildPhase section */

/* Begin PBXGroup section */
		080E96DDFE201D6D7F000001 /* Classes */ = {
			isa = PBXGroup;
			children = (
				302D95EE14D2391D003F00A1 /* MainViewController.h */,
				302D95EF14D2391D003F00A1 /* MainViewController.m */,
				302D95F014D2391D003F00A1 /* MainViewController.xib */,
				1D3623240D0F684500981E51 /* AppDelegate.h */,
				1D3623250D0F684500981E51 /* AppDelegate.m */,
			);
			name = Classes;
			path = "Mewah Group/Classes";
			sourceTree = SOURCE_ROOT;
		};
		19C28FACFE9D520D11CA2CBB /* Products */ = {
			isa = PBXGroup;
			children = (
				1D6058910D05DD3D006BFB54 /* Mewah Group.app */,
			);
			name = Products;
			sourceTree = "<group>";
		};
		29B97314FDCFA39411CA2CEA /* CustomTemplate */ = {
			isa = PBXGroup;
			children = (
				EB87FDF41871DAF40020F90C /* config.xml */,
				EB87FDF31871DA8E0020F90C /* www */,
				EB87FDF11871DA420020F90C /* Staging */,
				301BF52D109A57CC0062928A /* CordovaLib.xcodeproj */,
				080E96DDFE201D6D7F000001 /* Classes */,
				307C750510C5A3420062BCA9 /* Plugins */,
				29B97315FDCFA39411CA2CEA /* Other Sources */,
				29B97317FDCFA39411CA2CEA /* Resources */,
				29B97323FDCFA39411CA2CEA /* Frameworks */,
				19C28FACFE9D520D11CA2CBB /* Products */,
			);
			name = CustomTemplate;
			sourceTree = "<group>";
		};
		29B97315FDCFA39411CA2CEA /* Other Sources */ = {
			isa = PBXGroup;
			children = (
				32CA4F630368D1EE00C91783 /* Mewah Group-Prefix.pch */,
				29B97316FDCFA39411CA2CEA /* main.m */,
				ED33DF2A687741AEAF9F8254 /* Bridging-Header.h */,
			);
			name = "Other Sources";
			path = "Mewah Group";
			sourceTree = "<group>";
		};
		29B97317FDCFA39411CA2CEA /* Resources */ = {
			isa = PBXGroup;
			children = (
				0207DA571B56EA530066E2B4 /* Images.xcassets */,
				3047A50E1AB8057F00498E2A /* config */,
				8D1107310486CEB800E47090 /* Mewah Group-Info.plist */,
				C93793251CED4E61B3814207 /* CDVNotification.bundle */,
			);
			name = Resources;
			path = "Mewah Group/Resources";
			sourceTree = "<group>";
		};
		29B97323FDCFA39411CA2CEA /* Frameworks */ = {
			isa = PBXGroup;
			children = (
				C998450C67DE4C03B61D82F1 /* AudioToolbox.framework */,
				C08B2F853351412D8E9CF7BF /* SystemConfiguration.framework */,
				653FE0EBD120473BA473BA4B /* CoreTelephony.framework */,
				E4FF2C719FBC4C2EA0B5E340 /* libGGLCloudMessaging.a */,
				D8F1237EAE5A457BAA64B805 /* libGGLCore.a */,
				949165DC5D6B446BBA38C402 /* libGGLInstanceIDLib.a */,
				2EA59A5FF5F74F419F2E0C55 /* libGIP_Reachability.a */,
				AB093BF7139F4BB78DC73E0F /* libGSDK_Overload.a */,
				4FE2AB286AE5415A8722423E /* libGTMSessionFetcher_core.a */,
				C1CA479DE381404B87570719 /* libGTMSessionFetcher_full.a */,
				B7089C362CA44819AEBC35E2 /* libGTMStackTrace.a */,
				C3EAECFEAF414885A813A774 /* libGTM_AddressBook.a */,
				F8F68B90031040F380F494F3 /* libGTM_DebugUtils.a */,
				29623CA513FF454FB19B6307 /* libGTM_GTMURLBuilder.a */,
				C4710597CC27491D807CEDF7 /* libGTM_KVO.a */,
				F11777CF1D6F46BAB1BCBC4E /* libGTM_NSData+zlib.a */,
				91A3611A08B54C888B501C15 /* libGTM_NSDictionary+URLArguments.a */,
				6DD1F16ED8A44B709C827588 /* libGTM_NSScannerJSON.a */,
				305184734D41445897847581 /* libGTM_NSStringHTML.a */,
				6ECECB76014C449AB999376D /* libGTM_NSStringXML.a */,
				B5BE98C8280D4F3387A8CB25 /* libGTM_Regex.a */,
				93BAE00770C74DD0BA62245D /* libGTM_RoundedRectPath.a */,
				EC5B737C5DCC475B880537EF /* libGTM_StringEncoding.a */,
				67BB958B88C346E8A9F63C22 /* libGTM_SystemVersion.a */,
				617106E490AE400CBD8CEB9A /* libGTM_UIFont+LineHeight.a */,
				80306058DF5A438B9E6A6A8E /* libGTM_core.a */,
				B3BCDE3790374B62BB63AA4E /* libGTM_iPhone.a */,
				599014D45B464139880FD903 /* libGcmLib.a */,
				E22EC6DF1B89406F83DF5508 /* libProtocolBuffers.a */,
				53B67720644748DCAD7A4159 /* AddressBook.framework */,
				50B75BC82A9A4863B8C46634 /* libsqlite3.tbd */,
				3BBDEF75750B4791916BC937 /* libz.tbd */,
			);
			name = Frameworks;
			sourceTree = "<group>";
		};
		301BF52E109A57CC0062928A /* Products */ = {
			isa = PBXGroup;
			children = (
				301BF535109A57CC0062928A /* libCordova.a */,
			);
			name = Products;
			sourceTree = "<group>";
		};
		3047A50E1AB8057F00498E2A /* config */ = {
			isa = PBXGroup;
			children = (
				3047A50F1AB8059700498E2A /* build-debug.xcconfig */,
				3047A5101AB8059700498E2A /* build-release.xcconfig */,
				3047A5111AB8059700498E2A /* build.xcconfig */,
			);
			name = config;
			sourceTree = "<group>";
		};
		307C750510C5A3420062BCA9 /* Plugins */ = {
			isa = PBXGroup;
			children = (
				26DE1660D2F342039A10B421 /* CDVDevice.m */,
				C9CC8496E8CF485896BBA7DE /* CDVDevice.h */,
				2F8D72620D2A4007B07D2AD8 /* CDVNotification.m */,
				15D2C34AB5184695AB1F7765 /* CDVNotification.h */,
				B61FA09EECA94324B2BD0A63 /* CDVConnection.m */,
				8C7F081CE9E34BFABBF7DDEE /* CDVReachability.m */,
				FB782310B4B44ED0B5F82A1F /* CDVConnection.h */,
				31AF71309C9C43178C47627F /* CDVReachability.h */,
				81CF0AF2E981423C9440AEF5 /* CDVSplashScreen.m */,
				03802800743A45D7AB230F74 /* CDVViewController+SplashScreen.m */,
				983C753BF2E5486FA4DD8927 /* CDVSplashScreen.h */,
				8C1CDAFC6DB540E3877E2407 /* CDVViewController+SplashScreen.h */,
				9A245FE5AB2D45CA842D5BB8 /* APPHiddenStatusbarOverlay.m */,
				5A39950416CD48118814E05E /* APPHiddenStatusbarOverlay.h */,
				761D6D4EDCE8421C9B6FC222 /* AppDelegate+notification.m */,
				6FFB7300BCD2400B943553EB /* PushPlugin.m */,
				D7C96F0A89DC45C79AF45DE7 /* AppDelegate+notification.h */,
				C89E4AC350174D56A1405768 /* PushPlugin.h */,
				E2C611E25EF14884874865E4 /* GGLInstanceID.h */,
				01E9D1B798DC4B85BB2A9B56 /* GGLInstanceIDConfig.h */,
				24C951D7FBB045CF8B773B0D /* GGLInstanceIDDelegate.h */,
				85F40CB68B664F1BB0BF8D3D /* GGLInstanceIDHeaders.h */,
				B118F4C813AA446DBE15B678 /* CloudMessaging.h */,
				DFF3D231DBC34F4F87D8892A /* GGLContext+CloudMessaging.h */,
				E7EBCA08CC1B474AAC9A19F9 /* Core.h */,
				455A7686D4A040859BCE0F56 /* GGLConfiguration.h */,
				A14435FE71A14AD2B1F75D9C /* GGLContext.h */,
				2CD95B04E31B49D38F2231D5 /* GGLErrorCode.h */,
				A6B7DE6414B846649C700CAA /* GCMConfig.h */,
				EB9903518205425DA2339EFB /* GCMPubSub.h */,
				B97C806B59AA4F979E6F98B0 /* GCMReceiverDelegate.h */,
				FA4D62210F964251BA585305 /* GCMService.h */,
				BB4FA7AF87A943D6B858B699 /* GoogleCloudMessaging.h */,
			);
			name = Plugins;
			path = "Mewah Group/Plugins";
			sourceTree = SOURCE_ROOT;
		};
		EB87FDF11871DA420020F90C /* Staging */ = {
			isa = PBXGroup;
			children = (
				F840E1F0165FE0F500CFE078 /* config.xml */,
				301BF56E109A69640062928A /* www */,
			);
			name = Staging;
			sourceTree = "<group>";
		};
/* End PBXGroup section */

/* Begin PBXNativeTarget section */
		1D6058900D05DD3D006BFB54 /* Mewah Group */ = {
			isa = PBXNativeTarget;
			buildConfigurationList = 1D6058960D05DD3E006BFB54 /* Build configuration list for PBXNativeTarget "Mewah Group" */;
			buildPhases = (
				304B58A110DAC018002A0835 /* Copy www directory */,
				1D60588D0D05DD3D006BFB54 /* Resources */,
				1D60588E0D05DD3D006BFB54 /* Sources */,
				1D60588F0D05DD3D006BFB54 /* Frameworks */,
			);
			buildRules = (
			);
			dependencies = (
				301BF551109A68C00062928A /* PBXTargetDependency */,
			);
			name = "Mewah Group";
			productName = "Mewah Group";
			productReference = 1D6058910D05DD3D006BFB54 /* Mewah Group.app */;
			productType = "com.apple.product-type.application";
		};
/* End PBXNativeTarget section */

/* Begin PBXProject section */
		29B97313FDCFA39411CA2CEA /* Project object */ = {
			isa = PBXProject;
			attributes = {
				LastUpgradeCheck = 510;
			};
			buildConfigurationList = C01FCF4E08A954540054247B /* Build configuration list for PBXProject "__NON-CLI__" */;
			compatibilityVersion = "Xcode 3.2";
			developmentRegion = English;
			hasScannedForEncodings = 1;
			mainGroup = 29B97314FDCFA39411CA2CEA /* CustomTemplate */;
			projectDirPath = "";
			projectReferences = (
				{
					ProductGroup = 301BF52E109A57CC0062928A /* Products */;
					ProjectRef = 301BF52D109A57CC0062928A /* CordovaLib.xcodeproj */;
				},
			);
			projectRoot = "";
			targets = (
				1D6058900D05DD3D006BFB54 /* Mewah Group */,
			);
		};
/* End PBXProject section */

/* Begin PBXReferenceProxy section */
		301BF535109A57CC0062928A /* libCordova.a */ = {
			isa = PBXReferenceProxy;
			fileType = archive.ar;
			path = libCordova.a;
			remoteRef = 301BF534109A57CC0062928A /* PBXContainerItemProxy */;
			sourceTree = BUILT_PRODUCTS_DIR;
		};
/* End PBXReferenceProxy section */

/* Begin PBXResourcesBuildPhase section */
		1D60588D0D05DD3D006BFB54 /* Resources */ = {
			isa = PBXResourcesBuildPhase;
			buildActionMask = 2147483647;
			files = (
				302D95F214D2391D003F00A1 /* MainViewController.xib in Resources */,
				3047A5131AB8059700498E2A /* build-release.xcconfig in Resources */,
				3047A5141AB8059700498E2A /* build.xcconfig in Resources */,
				0207DA581B56EA530066E2B4 /* Images.xcassets in Resources */,
				3047A5121AB8059700498E2A /* build-debug.xcconfig in Resources */,
				4D61A219BE8246F5BACF3197 /* CDVNotification.bundle in Resources */,
			);
			runOnlyForDeploymentPostprocessing = 0;
		};
/* End PBXResourcesBuildPhase section */

/* Begin PBXShellScriptBuildPhase section */
		304B58A110DAC018002A0835 /* Copy www directory */ = {
			isa = PBXShellScriptBuildPhase;
			buildActionMask = 2147483647;
			files = (
			);
			inputPaths = (
			);
			name = "Copy www directory";
			outputPaths = (
			);
			runOnlyForDeploymentPostprocessing = 0;
			shellPath = /bin/sh;
			shellScript = "NODEJS_PATH=/usr/local/bin; NVM_NODE_PATH=~/.nvm/versions/node/`nvm version 2>/dev/null`/bin; N_NODE_PATH=`find /usr/local/n/versions/node/* -maxdepth 0 -type d 2>/dev/null | tail -1`/bin; XCODE_NODE_PATH=`xcode-select --print-path`/usr/share/xcs/Node/bin; PATH=$NODEJS_PATH:$NVM_NODE_PATH:$N_NODE_PATH:$XCODE_NODE_PATH:$PATH && node cordova/lib/copy-www-build-step.js";
			showEnvVarsInLog = 0;
		};
/* End PBXShellScriptBuildPhase section */

/* Begin PBXSourcesBuildPhase section */
		1D60588E0D05DD3D006BFB54 /* Sources */ = {
			isa = PBXSourcesBuildPhase;
			buildActionMask = 2147483647;
			files = (
				1D60589B0D05DD56006BFB54 /* main.m in Sources */,
				1D3623260D0F684500981E51 /* AppDelegate.m in Sources */,
				302D95F114D2391D003F00A1 /* MainViewController.m in Sources */,
				B8B780B5D61C44ABB40A8BE5 /* CDVDevice.m in Sources */,
				306D312481FB4162BD71AB85 /* CDVNotification.m in Sources */,
				FA37D9A2001A43EC96D5B6F4 /* CDVConnection.m in Sources */,
				6FBCD32C07DD4B2F80433540 /* CDVReachability.m in Sources */,
				042DC0E86AE9462091E4EDDD /* CDVSplashScreen.m in Sources */,
				175C0EF44B744B7C9F681C88 /* CDVViewController+SplashScreen.m in Sources */,
				845C24C0520A4CA5907A8378 /* APPHiddenStatusbarOverlay.m in Sources */,
				5FB64EFB658B4790BE22749C /* AppDelegate+notification.m in Sources */,
				3CD2A0202B6E4A28BC9D917E /* PushPlugin.m in Sources */,
			);
			runOnlyForDeploymentPostprocessing = 0;
		};
/* End PBXSourcesBuildPhase section */

/* Begin PBXTargetDependency section */
		301BF551109A68C00062928A /* PBXTargetDependency */ = {
			isa = PBXTargetDependency;
			name = CordovaLib;
			targetProxy = 301BF550109A68C00062928A /* PBXContainerItemProxy */;
		};
/* End PBXTargetDependency section */

/* Begin XCBuildConfiguration section */
		1D6058940D05DD3E006BFB54 /* Debug */ = {
			isa = XCBuildConfiguration;
			baseConfigurationReference = 3047A50F1AB8059700498E2A /* build-debug.xcconfig */;
			buildSettings = {
				ALWAYS_SEARCH_USER_PATHS = NO;
				ASSETCATALOG_COMPILER_APPICON_NAME = AppIcon;
				ASSETCATALOG_COMPILER_LAUNCHIMAGE_NAME = LaunchImage;
				CLANG_ENABLE_MODULES = YES;
				CLANG_ENABLE_OBJC_ARC = YES;
				COPY_PHASE_STRIP = NO;
				GCC_DYNAMIC_NO_PIC = NO;
				GCC_OPTIMIZATION_LEVEL = 0;
				GCC_PRECOMPILE_PREFIX_HEADER = YES;
				GCC_PREFIX_HEADER = "Mewah Group/Mewah Group-Prefix.pch";
				GCC_THUMB_SUPPORT = NO;
				GCC_VERSION = "";
				INFOPLIST_FILE = "Mewah Group/Mewah Group-Info.plist";
				LD_RUNPATH_SEARCH_PATHS = "@executable_path/Frameworks";
				PRODUCT_NAME = "Mewah Group";
				TARGETED_DEVICE_FAMILY = "1,2";
				LIBRARY_SEARCH_PATHS = (
					"$(inherited)",
					"\"$(SRCROOT)/Mewah Group/Plugins/phonegap-plugin-push/GCM/Libraries\"",
					"\"$(SRCROOT)/Mewah Group/Plugins/phonegap-plugin-push/GCM/Libraries\"",
					"\"$(SRCROOT)/Mewah Group/Plugins/phonegap-plugin-push/GCM/Libraries\"",
					"\"$(SRCROOT)/Mewah Group/Plugins/phonegap-plugin-push/GCM/Libraries\"",
					"\"$(SRCROOT)/Mewah Group/Plugins/phonegap-plugin-push/GCM/Libraries\"",
					"\"$(SRCROOT)/Mewah Group/Plugins/phonegap-plugin-push/GCM/Libraries\"",
					"\"$(SRCROOT)/Mewah Group/Plugins/phonegap-plugin-push/GCM/Libraries\"",
					"\"$(SRCROOT)/Mewah Group/Plugins/phonegap-plugin-push/GCM/Libraries\"",
					"\"$(SRCROOT)/Mewah Group/Plugins/phonegap-plugin-push/GCM/Libraries\"",
					"\"$(SRCROOT)/Mewah Group/Plugins/phonegap-plugin-push/GCM/Libraries\"",
					"\"$(SRCROOT)/Mewah Group/Plugins/phonegap-plugin-push/GCM/Libraries\"",
					"\"$(SRCROOT)/Mewah Group/Plugins/phonegap-plugin-push/GCM/Libraries\"",
					"\"$(SRCROOT)/Mewah Group/Plugins/phonegap-plugin-push/GCM/Libraries\"",
					"\"$(SRCROOT)/Mewah Group/Plugins/phonegap-plugin-push/GCM/Libraries\"",
					"\"$(SRCROOT)/Mewah Group/Plugins/phonegap-plugin-push/GCM/Libraries\"",
					"\"$(SRCROOT)/Mewah Group/Plugins/phonegap-plugin-push/GCM/Libraries\"",
					"\"$(SRCROOT)/Mewah Group/Plugins/phonegap-plugin-push/GCM/Libraries\"",
					"\"$(SRCROOT)/Mewah Group/Plugins/phonegap-plugin-push/GCM/Libraries\"",
					"\"$(SRCROOT)/Mewah Group/Plugins/phonegap-plugin-push/GCM/Libraries\"",
					"\"$(SRCROOT)/Mewah Group/Plugins/phonegap-plugin-push/GCM/Libraries\"",
					"\"$(SRCROOT)/Mewah Group/Plugins/phonegap-plugin-push/GCM/Libraries\"",
					"\"$(SRCROOT)/Mewah Group/Plugins/phonegap-plugin-push/GCM/Libraries\"",
					"\"$(SRCROOT)/Mewah Group/Plugins/phonegap-plugin-push/GCM/Libraries\"",
					"\"$(SRCROOT)/Mewah Group/Plugins/phonegap-plugin-push/GCM/Libraries\"",
					"\"$(SRCROOT)/Mewah Group/Plugins/phonegap-plugin-push/GCM/Libraries\"",
					"\"$(SRCROOT)/Mewah Group/Plugins/phonegap-plugin-push/GCM/Libraries\"",
				);
			};
			name = Debug;
		};
		1D6058950D05DD3E006BFB54 /* Release */ = {
			isa = XCBuildConfiguration;
			baseConfigurationReference = 3047A5101AB8059700498E2A /* build-release.xcconfig */;
			buildSettings = {
				ALWAYS_SEARCH_USER_PATHS = NO;
				ASSETCATALOG_COMPILER_APPICON_NAME = AppIcon;
				ASSETCATALOG_COMPILER_LAUNCHIMAGE_NAME = LaunchImage;
				CLANG_ENABLE_MODULES = YES;
				CLANG_ENABLE_OBJC_ARC = YES;
				COPY_PHASE_STRIP = YES;
				GCC_PRECOMPILE_PREFIX_HEADER = YES;
				GCC_PREFIX_HEADER = "Mewah Group/Mewah Group-Prefix.pch";
				GCC_THUMB_SUPPORT = NO;
				GCC_VERSION = "";
				INFOPLIST_FILE = "Mewah Group/Mewah Group-Info.plist";
				PRODUCT_NAME = "Mewah Group";
				TARGETED_DEVICE_FAMILY = "1,2";
				LIBRARY_SEARCH_PATHS = (
					"$(inherited)",
					"\"$(SRCROOT)/Mewah Group/Plugins/phonegap-plugin-push/GCM/Libraries\"",
					"\"$(SRCROOT)/Mewah Group/Plugins/phonegap-plugin-push/GCM/Libraries\"",
					"\"$(SRCROOT)/Mewah Group/Plugins/phonegap-plugin-push/GCM/Libraries\"",
					"\"$(SRCROOT)/Mewah Group/Plugins/phonegap-plugin-push/GCM/Libraries\"",
					"\"$(SRCROOT)/Mewah Group/Plugins/phonegap-plugin-push/GCM/Libraries\"",
					"\"$(SRCROOT)/Mewah Group/Plugins/phonegap-plugin-push/GCM/Libraries\"",
					"\"$(SRCROOT)/Mewah Group/Plugins/phonegap-plugin-push/GCM/Libraries\"",
					"\"$(SRCROOT)/Mewah Group/Plugins/phonegap-plugin-push/GCM/Libraries\"",
					"\"$(SRCROOT)/Mewah Group/Plugins/phonegap-plugin-push/GCM/Libraries\"",
					"\"$(SRCROOT)/Mewah Group/Plugins/phonegap-plugin-push/GCM/Libraries\"",
					"\"$(SRCROOT)/Mewah Group/Plugins/phonegap-plugin-push/GCM/Libraries\"",
					"\"$(SRCROOT)/Mewah Group/Plugins/phonegap-plugin-push/GCM/Libraries\"",
					"\"$(SRCROOT)/Mewah Group/Plugins/phonegap-plugin-push/GCM/Libraries\"",
					"\"$(SRCROOT)/Mewah Group/Plugins/phonegap-plugin-push/GCM/Libraries\"",
					"\"$(SRCROOT)/Mewah Group/Plugins/phonegap-plugin-push/GCM/Libraries\"",
					"\"$(SRCROOT)/Mewah Group/Plugins/phonegap-plugin-push/GCM/Libraries\"",
					"\"$(SRCROOT)/Mewah Group/Plugins/phonegap-plugin-push/GCM/Libraries\"",
					"\"$(SRCROOT)/Mewah Group/Plugins/phonegap-plugin-push/GCM/Libraries\"",
					"\"$(SRCROOT)/Mewah Group/Plugins/phonegap-plugin-push/GCM/Libraries\"",
					"\"$(SRCROOT)/Mewah Group/Plugins/phonegap-plugin-push/GCM/Libraries\"",
					"\"$(SRCROOT)/Mewah Group/Plugins/phonegap-plugin-push/GCM/Libraries\"",
					"\"$(SRCROOT)/Mewah Group/Plugins/phonegap-plugin-push/GCM/Libraries\"",
					"\"$(SRCROOT)/Mewah Group/Plugins/phonegap-plugin-push/GCM/Libraries\"",
					"\"$(SRCROOT)/Mewah Group/Plugins/phonegap-plugin-push/GCM/Libraries\"",
					"\"$(SRCROOT)/Mewah Group/Plugins/phonegap-plugin-push/GCM/Libraries\"",
					"\"$(SRCROOT)/Mewah Group/Plugins/phonegap-plugin-push/GCM/Libraries\"",
				);
			};
			name = Release;
		};
		C01FCF4F08A954540054247B /* Debug */ = {
			isa = XCBuildConfiguration;
			baseConfigurationReference = 3047A5111AB8059700498E2A /* build.xcconfig */;
			buildSettings = {
				CLANG_ENABLE_MODULES = YES;
				CLANG_ENABLE_OBJC_ARC = YES;
				CLANG_WARN_BOOL_CONVERSION = YES;
				CLANG_WARN_CONSTANT_CONVERSION = YES;
				CLANG_WARN_EMPTY_BODY = YES;
				CLANG_WARN_ENUM_CONVERSION = YES;
				CLANG_WARN_INT_CONVERSION = YES;
				CLANG_WARN__DUPLICATE_METHOD_MATCH = YES;
				GCC_C_LANGUAGE_STANDARD = c99;
				GCC_THUMB_SUPPORT = NO;
				GCC_VERSION = "";
				GCC_WARN_ABOUT_RETURN_TYPE = YES;
				GCC_WARN_UNDECLARED_SELECTOR = YES;
				GCC_WARN_UNINITIALIZED_AUTOS = YES;
				GCC_WARN_UNUSED_FUNCTION = YES;
				GCC_WARN_UNUSED_VARIABLE = YES;
				ONLY_ACTIVE_ARCH = YES;
				SDKROOT = iphoneos;
				SKIP_INSTALL = NO;
				TARGETED_DEVICE_FAMILY = "1,2";
			};
			name = Debug;
		};
		C01FCF5008A954540054247B /* Release */ = {
			isa = XCBuildConfiguration;
			baseConfigurationReference = 3047A5111AB8059700498E2A /* build.xcconfig */;
			buildSettings = {
				CLANG_ENABLE_MODULES = YES;
				CLANG_ENABLE_OBJC_ARC = YES;
				CLANG_WARN_BOOL_CONVERSION = YES;
				CLANG_WARN_CONSTANT_CONVERSION = YES;
				CLANG_WARN_EMPTY_BODY = YES;
				CLANG_WARN_ENUM_CONVERSION = YES;
				CLANG_WARN_INT_CONVERSION = YES;
				CLANG_WARN__DUPLICATE_METHOD_MATCH = YES;
				GCC_C_LANGUAGE_STANDARD = c99;
				GCC_THUMB_SUPPORT = NO;
				GCC_VERSION = "";
				GCC_WARN_ABOUT_RETURN_TYPE = YES;
				GCC_WARN_UNDECLARED_SELECTOR = YES;
				GCC_WARN_UNINITIALIZED_AUTOS = YES;
				GCC_WARN_UNUSED_FUNCTION = YES;
				GCC_WARN_UNUSED_VARIABLE = YES;
				SDKROOT = iphoneos;
				SKIP_INSTALL = NO;
				TARGETED_DEVICE_FAMILY = "1,2";
			};
			name = Release;
		};
/* End XCBuildConfiguration section */

/* Begin XCConfigurationList section */
		1D6058960D05DD3E006BFB54 /* Build configuration list for PBXNativeTarget "Mewah Group" */ = {
			isa = XCConfigurationList;
			buildConfigurations = (
				1D6058940D05DD3E006BFB54 /* Debug */,
				1D6058950D05DD3E006BFB54 /* Release */,
			);
			defaultConfigurationIsVisible = 0;
			defaultConfigurationName = Release;
		};
		C01FCF4E08A954540054247B /* Build configuration list for PBXProject "__NON-CLI__" */ = {
			isa = XCConfigurationList;
			buildConfigurations = (
				C01FCF4F08A954540054247B /* Debug */,
				C01FCF5008A954540054247B /* Release */,
			);
			defaultConfigurationIsVisible = 0;
			defaultConfigurationName = Release;
		};
/* End XCConfigurationList section */
	};
	rootObject = 29B97313FDCFA39411CA2CEA /* Project object */;
}
